
Microsoft Visual Studio Solution File, Format Version 12.00
# Visual Studio Version 16
VisualStudioVersion = 16.0.29926.136
MinimumVisualStudioVersion = 10.0.40219.1
Project("{9A19103F-16F7-4668-BE54-9A1E7A4F7556}") = "DCP_03292020", "DCP_03292020\DCP_03292020.csproj", "{D3FD252A-2B65-4CDA-A96D-FB1AD5FA1EA4}"
EndProject
Project("{FAE04EC0-301F-11D3-BF4B-00C04F79EFBC}") = "DCP_03292020_Tests", "DCP_03292020_Tests\DCP_03292020_Tests.csproj", "{1A9232FA-0939-45B4-A789-F6AD09791CDD}"
EndProject
Global
	GlobalSection(SolutionConfigurationPlatforms) = preSolution
		Debug|Any CPU = Debug|Any CPU
		Release|Any CPU = Release|Any CPU
	EndGlobalSection
	GlobalSection(ProjectConfigurationPlatforms) = postSolution
		{D3FD252A-2B65-4CDA-A96D-FB1AD5FA1EA4}.Debug|Any CPU.ActiveCfg = Debug|Any CPU
		{D3FD252A-2B65-4CDA-A96D-FB1AD5FA1EA4}.Debug|Any CPU.Build.0 = Debug|Any CPU
		{D3FD252A-2B65-4CDA-A96D-FB1AD5FA1EA4}.Release|Any CPU.ActiveCfg = Release|Any CPU
		{D3FD252A-2B65-4CDA-A96D-FB1AD5FA1EA4}.Release|Any CPU.Build.0 = Release|Any CPU
		{1A9232FA-0939-45B4-A789-F6AD09791CDD}.Debug|Any CPU.ActiveCfg = Debug|Any CPU
		{1A9232FA-0939-45B4-A789-F6AD09791CDD}.Debug|Any CPU.Build.0 = Debug|Any CPU
		{1A9232FA-0939-45B4-A789-F6AD09791CDD}.Release|Any CPU.ActiveCfg = Release|Any CPU
		{1A9232FA-0939-45B4-A789-F6AD09791CDD}.Release|Any CPU.Build.0 = Release|Any CPU
	EndGlobalSection
	GlobalSection(SolutionProperties) = preSolution
		HideSolutionNode = FALSE
	EndGlobalSection
	GlobalSection(ExtensibilityGlobals) = postSolution
		SolutionGuid = {DBFFEF38-2466-4C0E-B40F-1F2286D26631}
	EndGlobalSection
EndGlobal
